
Microsoft Visual Studio Solution File, Format Version 12.00
# Visual Studio 15
VisualStudioVersion = 15.0.27703.2047
MinimumVisualStudioVersion = 10.0.40219.1
Project("{FAE04EC0-301F-11D3-BF4B-00C04F79EFBC}") = "EmployeeApplication", "EmployeeApplication\EmployeeApplication.csproj", "{5FFB7478-A1AF-4181-9CD1-70E41E6589AB}"
	ProjectSection(ProjectDependencies) = postProject
		{45307626-023B-40BA-A540-C55F25E93408} = {45307626-023B-40BA-A540-C55F25E93408}
	EndProjectSection
EndProject
Project("{FAE04EC0-301F-11D3-BF4B-00C04F79EFBC}") = "PFService", "PFService\PFService.csproj", "{45307626-023B-40BA-A540-C55F25E93408}"
EndProject
Project("{FAE04EC0-301F-11D3-BF4B-00C04F79EFBC}") = "EmployeeTest", "EmployeeTest\EmployeeTest.csproj", "{3638CE27-67D2-4F56-8F87-160272F4F17A}"
EndProject
Project("{FAE04EC0-301F-11D3-BF4B-00C04F79EFBC}") = "Testing", "Testing\Testing.csproj", "{07FCCECD-4C38-451E-A780-46E199AE4321}"
EndProject
Project("{FAE04EC0-301F-11D3-BF4B-00C04F79EFBC}") = "MSTestProject", "MSTestProject\MSTestProject.csproj", "{8F10A083-43F0-4116-B4F8-31A3DC112EE9}"
EndProject
Global
	GlobalSection(SolutionConfigurationPlatforms) = preSolution
		Debug|Any CPU = Debug|Any CPU
		Release|Any CPU = Release|Any CPU
	EndGlobalSection
	GlobalSection(ProjectConfigurationPlatforms) = postSolution
		{5FFB7478-A1AF-4181-9CD1-70E41E6589AB}.Debug|Any CPU.ActiveCfg = Debug|Any CPU
		{5FFB7478-A1AF-4181-9CD1-70E41E6589AB}.Debug|Any CPU.Build.0 = Debug|Any CPU
		{5FFB7478-A1AF-4181-9CD1-70E41E6589AB}.Release|Any CPU.ActiveCfg = Release|Any CPU
		{5FFB7478-A1AF-4181-9CD1-70E41E6589AB}.Release|Any CPU.Build.0 = Release|Any CPU
		{45307626-023B-40BA-A540-C55F25E93408}.Debug|Any CPU.ActiveCfg = Debug|Any CPU
		{45307626-023B-40BA-A540-C55F25E93408}.Debug|Any CPU.Build.0 = Debug|Any CPU
		{45307626-023B-40BA-A540-C55F25E93408}.Release|Any CPU.ActiveCfg = Release|Any CPU
		{45307626-023B-40BA-A540-C55F25E93408}.Release|Any CPU.Build.0 = Release|Any CPU
		{3638CE27-67D2-4F56-8F87-160272F4F17A}.Debug|Any CPU.ActiveCfg = Debug|Any CPU
		{3638CE27-67D2-4F56-8F87-160272F4F17A}.Debug|Any CPU.Build.0 = Debug|Any CPU
		{3638CE27-67D2-4F56-8F87-160272F4F17A}.Release|Any CPU.ActiveCfg = Release|Any CPU
		{3638CE27-67D2-4F56-8F87-160272F4F17A}.Release|Any CPU.Build.0 = Release|Any CPU
		{07FCCECD-4C38-451E-A780-46E199AE4321}.Debug|Any CPU.ActiveCfg = Debug|Any CPU
		{07FCCECD-4C38-451E-A780-46E199AE4321}.Debug|Any CPU.Build.0 = Debug|Any CPU
		{07FCCECD-4C38-451E-A780-46E199AE4321}.Release|Any CPU.ActiveCfg = Release|Any CPU
		{07FCCECD-4C38-451E-A780-46E199AE4321}.Release|Any CPU.Build.0 = Release|Any CPU
		{8F10A083-43F0-4116-B4F8-31A3DC112EE9}.Debug|Any CPU.ActiveCfg = Debug|Any CPU
		{8F10A083-43F0-4116-B4F8-31A3DC112EE9}.Debug|Any CPU.Build.0 = Debug|Any CPU
		{8F10A083-43F0-4116-B4F8-31A3DC112EE9}.Release|Any CPU.ActiveCfg = Release|Any CPU
		{8F10A083-43F0-4116-B4F8-31A3DC112EE9}.Release|Any CPU.Build.0 = Release|Any CPU
	EndGlobalSection
	GlobalSection(SolutionProperties) = preSolution
		HideSolutionNode = FALSE
	EndGlobalSection
	GlobalSection(ExtensibilityGlobals) = postSolution
		SolutionGuid = {B57F7F1A-3E48-4215-B11A-09401139E82C}
	EndGlobalSection
EndGlobal
